// !$*UTF8*$!
{
	archiveVersion = 1;
	classes = {
	};
	objectVersion = 77;
	objects = {

/* Begin PBXContainerItemProxy section */
		FFD06DDA2D1C6AB4004AD236 /* PBXContainerItemProxy */ = {
			isa = PBXContainerItemProxy;
			containerPortal = FFD06DC12D1C6AB3004AD236 /* Project object */;
			proxyType = 1;
			remoteGlobalIDString = FFD06DC82D1C6AB3004AD236;
			remoteInfo = CyrptoSUI;
		};
		FFD06DE42D1C6AB4004AD236 /* PBXContainerItemProxy */ = {
			isa = PBXContainerItemProxy;
			containerPortal = FFD06DC12D1C6AB3004AD236 /* Project object */;
			proxyType = 1;
			remoteGlobalIDString = FFD06DC82D1C6AB3004AD236;
			remoteInfo = CyrptoSUI;
		};
/* End PBXContainerItemProxy section */

/* Begin PBXFileReference section */
		FFD06DC92D1C6AB3004AD236 /* CyrptoSUI.app */ = {isa = PBXFileReference; explicitFileType = wrapper.application; includeInIndex = 0; path = CyrptoSUI.app; sourceTree = BUILT_PRODUCTS_DIR; };
		FFD06DD92D1C6AB4004AD236 /* CyrptoSUITests.xctest */ = {isa = PBXFileReference; explicitFileType = wrapper.cfbundle; includeInIndex = 0; path = CyrptoSUITests.xctest; sourceTree = BUILT_PRODUCTS_DIR; };
		FFD06DE32D1C6AB4004AD236 /* CyrptoSUIUITests.xctest */ = {isa = PBXFileReference; explicitFileType = wrapper.cfbundle; includeInIndex = 0; path = CyrptoSUIUITests.xctest; sourceTree = BUILT_PRODUCTS_DIR; };
/* End PBXFileReference section */

/* Begin PBXFileSystemSynchronizedRootGroup section */
		FFD06DCB2D1C6AB3004AD236 /* CyrptoSUI */ = {
			isa = PBXFileSystemSynchronizedRootGroup;
			path = CyrptoSUI;
			sourceTree = "<group>";
		};
		FFD06DDC2D1C6AB4004AD236 /* CyrptoSUITests */ = {
			isa = PBXFileSystemSynchronizedRootGroup;
			path = CyrptoSUITests;
			sourceTree = "<group>";
		};
		FFD06DE62D1C6AB4004AD236 /* CyrptoSUIUITests */ = {
			isa = PBXFileSystemSynchronizedRootGroup;
			path = CyrptoSUIUITests;
			sourceTree = "<group>";
		};
/* End PBXFileSystemSynchronizedRootGroup section */

/* Begin PBXFrameworksBuildPhase section */
		FFD06DC62D1C6AB3004AD236 /* Frameworks */ = {
			isa = PBXFrameworksBuildPhase;
			buildActionMask = 2147483647;
			files = (
			);
			runOnlyForDeploymentPostprocessing = 0;
		};
		FFD06DD62D1C6AB4004AD236 /* Frameworks */ = {
			isa = PBXFrameworksBuildPhase;
			buildActionMask = 2147483647;
			files = (
			);
			runOnlyForDeploymentPostprocessing = 0;
		};
		FFD06DE02D1C6AB4004AD236 /* Frameworks */ = {
			isa = PBXFrameworksBuildPhase;
			buildActionMask = 2147483647;
			files = (
			);
			runOnlyForDeploymentPostprocessing = 0;
		};
/* End PBXFrameworksBuildPhase section */

/* Begin PBXGroup section */
		FFD06DC02D1C6AB3004AD236 = {
			isa = PBXGroup;
			children = (
				FFD06DCB2D1C6AB3004AD236 /* CyrptoSUI */,
				FFD06DDC2D1C6AB4004AD236 /* CyrptoSUITests */,
				FFD06DE62D1C6AB4004AD236 /* CyrptoSUIUITests */,
				FFD06DCA2D1C6AB3004AD236 /* Products */,
			);
			sourceTree = "<group>";
		};
		FFD06DCA2D1C6AB3004AD236 /* Products */ = {
			isa = PBXGroup;
			children = (
				FFD06DC92D1C6AB3004AD236 /* CyrptoSUI.app */,
				FFD06DD92D1C6AB4004AD236 /* CyrptoSUITests.xctest */,
				FFD06DE32D1C6AB4004AD236 /* CyrptoSUIUITests.xctest */,
			);
			name = Products;
			sourceTree = "<group>";
		};
/* End PBXGroup section */

/* Begin PBXNativeTarget section */
		FFD06DC82D1C6AB3004AD236 /* CyrptoSUI */ = {
			isa = PBXNativeTarget;
			buildConfigurationList = FFD06DED2D1C6AB4004AD236 /* Build configuration list for PBXNativeTarget "CyrptoSUI" */;
			buildPhases = (
				FFD06DC52D1C6AB3004AD236 /* Sources */,
				FFD06DC62D1C6AB3004AD236 /* Frameworks */,
				FFD06DC72D1C6AB3004AD236 /* Resources */,
			);
			buildRules = (
			);
			dependencies = (
			);
			fileSystemSynchronizedGroups = (
				FFD06DCB2D1C6AB3004AD236 /* CyrptoSUI */,
			);
			name = CyrptoSUI;
			packageProductDependencies = (
			);
			productName = CyrptoSUI;
			productReference = FFD06DC92D1C6AB3004AD236 /* CyrptoSUI.app */;
			productType = "com.apple.product-type.application";
		};
		FFD06DD82D1C6AB4004AD236 /* CyrptoSUITests */ = {
			isa = PBXNativeTarget;
			buildConfigurationList = FFD06DF02D1C6AB4004AD236 /* Build configuration list for PBXNativeTarget "CyrptoSUITests" */;
			buildPhases = (
				FFD06DD52D1C6AB4004AD236 /* Sources */,
				FFD06DD62D1C6AB4004AD236 /* Frameworks */,
				FFD06DD72D1C6AB4004AD236 /* Resources */,
			);
			buildRules = (
			);
			dependencies = (
				FFD06DDB2D1C6AB4004AD236 /* PBXTargetDependency */,
			);
			fileSystemSynchronizedGroups = (
				FFD06DDC2D1C6AB4004AD236 /* CyrptoSUITests */,
			);
			name = CyrptoSUITests;
			packageProductDependencies = (
			);
			productName = CyrptoSUITests;
			productReference = FFD06DD92D1C6AB4004AD236 /* CyrptoSUITests.xctest */;
			productType = "com.apple.product-type.bundle.unit-test";
		};
		FFD06DE22D1C6AB4004AD236 /* CyrptoSUIUITests */ = {
			isa = PBXNativeTarget;
			buildConfigurationList = FFD06DF32D1C6AB4004AD236 /* Build configuration list for PBXNativeTarget "CyrptoSUIUITests" */;
			buildPhases = (
				FFD06DDF2D1C6AB4004AD236 /* Sources */,
				FFD06DE02D1C6AB4004AD236 /* Frameworks */,
				FFD06DE12D1C6AB4004AD236 /* Resources */,
			);
			buildRules = (
			);
			dependencies = (
				FFD06DE52D1C6AB4004AD236 /* PBXTargetDependency */,
			);
			fileSystemSynchronizedGroups = (
				FFD06DE62D1C6AB4004AD236 /* CyrptoSUIUITests */,
			);
			name = CyrptoSUIUITests;
			packageProductDependencies = (
			);
			productName = CyrptoSUIUITests;
			productReference = FFD06DE32D1C6AB4004AD236 /* CyrptoSUIUITests.xctest */;
			productType = "com.apple.product-type.bundle.ui-testing";
		};
/* End PBXNativeTarget section */

/* Begin PBXProject section */
		FFD06DC12D1C6AB3004AD236 /* Project object */ = {
			isa = PBXProject;
			attributes = {
				BuildIndependentTargetsInParallel = 1;
				LastSwiftUpdateCheck = 1620;
				LastUpgradeCheck = 1620;
				TargetAttributes = {
					FFD06DC82D1C6AB3004AD236 = {
						CreatedOnToolsVersion = 16.2;
					};
					FFD06DD82D1C6AB4004AD236 = {
						CreatedOnToolsVersion = 16.2;
						TestTargetID = FFD06DC82D1C6AB3004AD236;
					};
					FFD06DE22D1C6AB4004AD236 = {
						CreatedOnToolsVersion = 16.2;
						TestTargetID = FFD06DC82D1C6AB3004AD236;
					};
				};
			};
			buildConfigurationList = FFD06DC42D1C6AB3004AD236 /* Build configuration list for PBXProject "CyrptoSUI" */;
			developmentRegion = en;
			hasScannedForEncodings = 0;
			knownRegions = (
				en,
				Base,
			);
			mainGroup = FFD06DC02D1C6AB3004AD236;
			minimizedProjectReferenceProxies = 1;
			preferredProjectObjectVersion = 77;
			productRefGroup = FFD06DCA2D1C6AB3004AD236 /* Products */;
			projectDirPath = "";
			projectRoot = "";
			targets = (
				FFD06DC82D1C6AB3004AD236 /* CyrptoSUI */,
				FFD06DD82D1C6AB4004AD236 /* CyrptoSUITests */,
				FFD06DE22D1C6AB4004AD236 /* CyrptoSUIUITests */,
			);
		};
/* End PBXProject section */

/* Begin PBXResourcesBuildPhase section */
		FFD06DC72D1C6AB3004AD236 /* Resources */ = {
			isa = PBXResourcesBuildPhase;
			buildActionMask = 2147483647;
			files = (
			);
			runOnlyForDeploymentPostprocessing = 0;
		};
		FFD06DD72D1C6AB4004AD236 /* Resources */ = {
			isa = PBXResourcesBuildPhase;
			buildActionMask = 2147483647;
			files = (
			);
			runOnlyForDeploymentPostprocessing = 0;
		};
		FFD06DE12D1C6AB4004AD236 /* Resources */ = {
			isa = PBXResourcesBuildPhase;
			buildActionMask = 2147483647;
			files = (
			);
			runOnlyForDeploymentPostprocessing = 0;
		};
/* End PBXResourcesBuildPhase section */

/* Begin PBXSourcesBuildPhase section */
		FFD06DC52D1C6AB3004AD236 /* Sources */ = {
			isa = PBXSourcesBuildPhase;
			buildActionMask = 2147483647;
			files = (
			);
			runOnlyForDeploymentPostprocessing = 0;
		};
		FFD06DD52D1C6AB4004AD236 /* Sources */ = {
			isa = PBXSourcesBuildPhase;
			buildActionMask = 2147483647;
			files = (
			);
			runOnlyForDeploymentPostprocessing = 0;
		};
		FFD06DDF2D1C6AB4004AD236 /* Sources */ = {
			isa = PBXSourcesBuildPhase;
			buildActionMask = 2147483647;
			files = (
			);
			runOnlyForDeploymentPostprocessing = 0;
		};
/* End PBXSourcesBuildPhase section */

/* Begin PBXTargetDependency section */
		FFD06DDB2D1C6AB4004AD236 /* PBXTargetDependency */ = {
			isa = PBXTargetDependency;
			target = FFD06DC82D1C6AB3004AD236 /* CyrptoSUI */;
			targetProxy = FFD06DDA2D1C6AB4004AD236 /* PBXContainerItemProxy */;
		};
		FFD06DE52D1C6AB4004AD236 /* PBXTargetDependency */ = {
			isa = PBXTargetDependency;
			target = FFD06DC82D1C6AB3004AD236 /* CyrptoSUI */;
			targetProxy = FFD06DE42D1C6AB4004AD236 /* PBXContainerItemProxy */;
		};
/* End PBXTargetDependency section */

/* Begin XCBuildConfiguration section */
		FFD06DEB2D1C6AB4004AD236 /* Debug */ = {
			isa = XCBuildConfiguration;
			buildSettings = {
				ALWAYS_SEARCH_USER_PATHS = NO;
				ASSETCATALOG_COMPILER_GENERATE_SWIFT_ASSET_SYMBOL_EXTENSIONS = YES;
				CLANG_ANALYZER_NONNULL = YES;
				CLANG_ANALYZER_NUMBER_OBJECT_CONVERSION = YES_AGGRESSIVE;
				CLANG_CXX_LANGUAGE_STANDARD = "gnu++20";
				CLANG_ENABLE_MODULES = YES;
				CLANG_ENABLE_OBJC_ARC = YES;
				CLANG_ENABLE_OBJC_WEAK = YES;
				CLANG_WARN_BLOCK_CAPTURE_AUTORELEASING = YES;
				CLANG_WARN_BOOL_CONVERSION = YES;
				CLANG_WARN_COMMA = YES;
				CLANG_WARN_CONSTANT_CONVERSION = YES;
				CLANG_WARN_DEPRECATED_OBJC_IMPLEMENTATIONS = YES;
				CLANG_WARN_DIRECT_OBJC_ISA_USAGE = YES_ERROR;
				CLANG_WARN_DOCUMENTATION_COMMENTS = YES;
				CLANG_WARN_EMPTY_BODY = YES;
				CLANG_WARN_ENUM_CONVERSION = YES;
				CLANG_WARN_INFINITE_RECURSION = YES;
				CLANG_WARN_INT_CONVERSION = YES;
				CLANG_WARN_NON_LITERAL_NULL_CONVERSION = YES;
				CLANG_WARN_OBJC_IMPLICIT_RETAIN_SELF = YES;
				CLANG_WARN_OBJC_LITERAL_CONVERSION = YES;
				CLANG_WARN_OBJC_ROOT_CLASS = YES_ERROR;
				CLANG_WARN_QUOTED_INCLUDE_IN_FRAMEWORK_HEADER = YES;
				CLANG_WARN_RANGE_LOOP_ANALYSIS = YES;
				CLANG_WARN_STRICT_PROTOTYPES = YES;
				CLANG_WARN_SUSPICIOUS_MOVE = YES;
				CLANG_WARN_UNGUARDED_AVAILABILITY = YES_AGGRESSIVE;
				CLANG_WARN_UNREACHABLE_CODE = YES;
				CLANG_WARN__DUPLICATE_METHOD_MATCH = YES;
				COPY_PHASE_STRIP = NO;
				DEBUG_INFORMATION_FORMAT = dwarf;
				ENABLE_STRICT_OBJC_MSGSEND = YES;
				ENABLE_TESTABILITY = YES;
				ENABLE_USER_SCRIPT_SANDBOXING = YES;
				GCC_C_LANGUAGE_STANDARD = gnu17;
				GCC_DYNAMIC_NO_PIC = NO;
				GCC_NO_COMMON_BLOCKS = YES;
				GCC_OPTIMIZATION_LEVEL = 0;
				GCC_PREPROCESSOR_DEFINITIONS = (
					"DEBUG=1",
					"$(inherited)",
				);
				GCC_WARN_64_TO_32_BIT_CONVERSION = YES;
				GCC_WARN_ABOUT_RETURN_TYPE = YES_ERROR;
				GCC_WARN_UNDECLARED_SELECTOR = YES;
				GCC_WARN_UNINITIALIZED_AUTOS = YES_AGGRESSIVE;
				GCC_WARN_UNUSED_FUNCTION = YES;
				GCC_WARN_UNUSED_VARIABLE = YES;
				IPHONEOS_DEPLOYMENT_TARGET = 18.2;
				LOCALIZATION_PREFERS_STRING_CATALOGS = YES;
				MTL_ENABLE_DEBUG_INFO = INCLUDE_SOURCE;
				MTL_FAST_MATH = YES;
				ONLY_ACTIVE_ARCH = YES;
				SDKROOT = iphoneos;
				SWIFT_ACTIVE_COMPILATION_CONDITIONS = "DEBUG $(inherited)";
				SWIFT_OPTIMIZATION_LEVEL = "-Onone";
			};
			name = Debug;
		};
		FFD06DEC2D1C6AB4004AD236 /* Release */ = {
			isa = XCBuildConfiguration;
			buildSettings = {
				ALWAYS_SEARCH_USER_PATHS = NO;
				ASSETCATALOG_COMPILER_GENERATE_SWIFT_ASSET_SYMBOL_EXTENSIONS = YES;
				CLANG_ANALYZER_NONNULL = YES;
				CLANG_ANALYZER_NUMBER_OBJECT_CONVERSION = YES_AGGRESSIVE;
				CLANG_CXX_LANGUAGE_STANDARD = "gnu++20";
				CLANG_ENABLE_MODULES = YES;
				CLANG_ENABLE_OBJC_ARC = YES;
				CLANG_ENABLE_OBJC_WEAK = YES;
				CLANG_WARN_BLOCK_CAPTURE_AUTORELEASING = YES;
				CLANG_WARN_BOOL_CONVERSION = YES;
				CLANG_WARN_COMMA = YES;
				CLANG_WARN_CONSTANT_CONVERSION = YES;
				CLANG_WARN_DEPRECATED_OBJC_IMPLEMENTATIONS = YES;
				CLANG_WARN_DIRECT_OBJC_ISA_USAGE = YES_ERROR;
				CLANG_WARN_DOCUMENTATION_COMMENTS = YES;
				CLANG_WARN_EMPTY_BODY = YES;
				CLANG_WARN_ENUM_CONVERSION = YES;
				CLANG_WARN_INFINITE_RECURSION = YES;
				CLANG_WARN_INT_CONVERSION = YES;
				CLANG_WARN_NON_LITERAL_NULL_CONVERSION = YES;
				CLANG_WARN_OBJC_IMPLICIT_RETAIN_SELF = YES;
				CLANG_WARN_OBJC_LITERAL_CONVERSION = YES;
				CLANG_WARN_OBJC_ROOT_CLASS = YES_ERROR;
				CLANG_WARN_QUOTED_INCLUDE_IN_FRAMEWORK_HEADER = YES;
				CLANG_WARN_RANGE_LOOP_ANALYSIS = YES;
				CLANG_WARN_STRICT_PROTOTYPES = YES;
				CLANG_WARN_SUSPICIOUS_MOVE = YES;
				CLANG_WARN_UNGUARDED_AVAILABILITY = YES_AGGRESSIVE;
				CLANG_WARN_UNREACHABLE_CODE = YES;
				CLANG_WARN__DUPLICATE_METHOD_MATCH = YES;
				COPY_PHASE_STRIP = NO;
				DEBUG_INFORMATION_FORMAT = "dwarf-with-dsym";
				ENABLE_NS_ASSERTIONS = NO;
				ENABLE_STRICT_OBJC_MSGSEND = YES;
				ENABLE_USER_SCRIPT_SANDBOXING = YES;
				GCC_C_LANGUAGE_STANDARD = gnu17;
				GCC_NO_COMMON_BLOCKS = YES;
				GCC_WARN_64_TO_32_BIT_CONVERSION = YES;
				GCC_WARN_ABOUT_RETURN_TYPE = YES_ERROR;
				GCC_WARN_UNDECLARED_SELECTOR = YES;
				GCC_WARN_UNINITIALIZED_AUTOS = YES_AGGRESSIVE;
				GCC_WARN_UNUSED_FUNCTION = YES;
				GCC_WARN_UNUSED_VARIABLE = YES;
				IPHONEOS_DEPLOYMENT_TARGET = 18.2;
				LOCALIZATION_PREFERS_STRING_CATALOGS = YES;
				MTL_ENABLE_DEBUG_INFO = NO;
				MTL_FAST_MATH = YES;
				SDKROOT = iphoneos;
				SWIFT_COMPILATION_MODE = wholemodule;
				VALIDATE_PRODUCT = YES;
			};
			name = Release;
		};
		FFD06DEE2D1C6AB4004AD236 /* Debug */ = {
			isa = XCBuildConfiguration;
			buildSettings = {
				ASSETCATALOG_COMPILER_APPICON_NAME = AppIcon;
				ASSETCATALOG_COMPILER_GLOBAL_ACCENT_COLOR_NAME = AccentColor;
				CODE_SIGN_STYLE = Automatic;
				CURRENT_PROJECT_VERSION = 1;
				DEVELOPMENT_ASSET_PATHS = "\"CyrptoSUI/Preview Content\"";
				ENABLE_PREVIEWS = YES;
				GENERATE_INFOPLIST_FILE = YES;
				INFOPLIST_KEY_UIApplicationSceneManifest_Generation = YES;
				INFOPLIST_KEY_UIApplicationSupportsIndirectInputEvents = YES;
				INFOPLIST_KEY_UILaunchScreen_Generation = YES;
				INFOPLIST_KEY_UISupportedInterfaceOrientations_iPad = "UIInterfaceOrientationPortrait UIInterfaceOrientationPortraitUpsideDown UIInterfaceOrientationLandscapeLeft UIInterfaceOrientationLandscapeRight";
				INFOPLIST_KEY_UISupportedInterfaceOrientations_iPhone = "UIInterfaceOrientationPortrait UIInterfaceOrientationLandscapeLeft UIInterfaceOrientationLandscapeRight";
				LD_RUNPATH_SEARCH_PATHS = (
					"$(inherited)",
					"@executable_path/Frameworks",
				);
				MARKETING_VERSION = 1.0;
				PRODUCT_BUNDLE_IDENTIFIER = com.omerapaydin.CyrptoSUI;
				PRODUCT_NAME = "$(TARGET_NAME)";
				SWIFT_EMIT_LOC_STRINGS = YES;
				SWIFT_VERSION = 5.0;
				TARGETED_DEVICE_FAMILY = "1,2";
			};
			name = Debug;
		};
		FFD06DEF2D1C6AB4004AD236 /* Release */ = {
			isa = XCBuildConfiguration;
			buildSettings = {
				ASSETCATALOG_COMPILER_APPICON_NAME = AppIcon;
				ASSETCATALOG_COMPILER_GLOBAL_ACCENT_COLOR_NAME = AccentColor;
				CODE_SIGN_STYLE = Automatic;
				CURRENT_PROJECT_VERSION = 1;
				DEVELOPMENT_ASSET_PATHS = "\"CyrptoSUI/Preview Content\"";
				ENABLE_PREVIEWS = YES;
				GENERATE_INFOPLIST_FILE = YES;
				INFOPLIST_KEY_UIApplicationSceneManifest_Generation = YES;
				INFOPLIST_KEY_UIApplicationSupportsIndirectInputEvents = YES;
				INFOPLIST_KEY_UILaunchScreen_Generation = YES;
				INFOPLIST_KEY_UISupportedInterfaceOrientations_iPad = "UIInterfaceOrientationPortrait UIInterfaceOrientationPortraitUpsideDown UIInterfaceOrientationLandscapeLeft UIInterfaceOrientationLandscapeRight";
				INFOPLIST_KEY_UISupportedInterfaceOrientations_iPhone = "UIInterfaceOrientationPortrait UIInterfaceOrientationLandscapeLeft UIInterfaceOrientationLandscapeRight";
				LD_RUNPATH_SEARCH_PATHS = (
					"$(inherited)",
					"@executable_path/Frameworks",
				);
				MARKETING_VERSION = 1.0;
				PRODUCT_BUNDLE_IDENTIFIER = com.omerapaydin.CyrptoSUI;
				PRODUCT_NAME = "$(TARGET_NAME)";
				SWIFT_EMIT_LOC_STRINGS = YES;
				SWIFT_VERSION = 5.0;
				TARGETED_DEVICE_FAMILY = "1,2";
			};
			name = Release;
		};
		FFD06DF12D1C6AB4004AD236 /* Debug */ = {
			isa = XCBuildConfiguration;
			buildSettings = {
				BUNDLE_LOADER = "$(TEST_HOST)";
				CODE_SIGN_STYLE = Automatic;
				CURRENT_PROJECT_VERSION = 1;
				GENERATE_INFOPLIST_FILE = YES;
				IPHONEOS_DEPLOYMENT_TARGET = 18.2;
				MARKETING_VERSION = 1.0;
				PRODUCT_BUNDLE_IDENTIFIER = com.omerapaydin.CyrptoSUITests;
				PRODUCT_NAME = "$(TARGET_NAME)";
				SWIFT_EMIT_LOC_STRINGS = NO;
				SWIFT_VERSION = 5.0;
				TARGETED_DEVICE_FAMILY = "1,2";
				TEST_HOST = "$(BUILT_PRODUCTS_DIR)/CyrptoSUI.app/$(BUNDLE_EXECUTABLE_FOLDER_PATH)/CyrptoSUI";
			};
			name = Debug;
		};
		FFD06DF22D1C6AB4004AD236 /* Release */ = {
			isa = XCBuildConfiguration;
			buildSettings = {
				BUNDLE_LOADER = "$(TEST_HOST)";
				CODE_SIGN_STYLE = Automatic;
				CURRENT_PROJECT_VERSION = 1;
				GENERATE_INFOPLIST_FILE = YES;
				IPHONEOS_DEPLOYMENT_TARGET = 18.2;
				MARKETING_VERSION = 1.0;
				PRODUCT_BUNDLE_IDENTIFIER = com.omerapaydin.CyrptoSUITests;
				PRODUCT_NAME = "$(TARGET_NAME)";
				SWIFT_EMIT_LOC_STRINGS = NO;
				SWIFT_VERSION = 5.0;
				TARGETED_DEVICE_FAMILY = "1,2";
				TEST_HOST = "$(BUILT_PRODUCTS_DIR)/CyrptoSUI.app/$(BUNDLE_EXECUTABLE_FOLDER_PATH)/CyrptoSUI";
			};
			name = Release;
		};
		FFD06DF42D1C6AB4004AD236 /* Debug */ = {
			isa = XCBuildConfiguration;
			buildSettings = {
				CODE_SIGN_STYLE = Automatic;
				CURRENT_PROJECT_VERSION = 1;
				GENERATE_INFOPLIST_FILE = YES;
				MARKETING_VERSION = 1.0;
				PRODUCT_BUNDLE_IDENTIFIER = com.omerapaydin.CyrptoSUIUITests;
				PRODUCT_NAME = "$(TARGET_NAME)";
				SWIFT_EMIT_LOC_STRINGS = NO;
				SWIFT_VERSION = 5.0;
				TARGETED_DEVICE_FAMILY = "1,2";
				TEST_TARGET_NAME = CyrptoSUI;
			};
			name = Debug;
		};
		FFD06DF52D1C6AB4004AD236 /* Release */ = {
			isa = XCBuildConfiguration;
			buildSettings = {
				CODE_SIGN_STYLE = Automatic;
				CURRENT_PROJECT_VERSION = 1;
				GENERATE_INFOPLIST_FILE = YES;
				MARKETING_VERSION = 1.0;
				PRODUCT_BUNDLE_IDENTIFIER = com.omerapaydin.CyrptoSUIUITests;
				PRODUCT_NAME = "$(TARGET_NAME)";
				SWIFT_EMIT_LOC_STRINGS = NO;
				SWIFT_VERSION = 5.0;
				TARGETED_DEVICE_FAMILY = "1,2";
				TEST_TARGET_NAME = CyrptoSUI;
			};
			name = Release;
		};
/* End XCBuildConfiguration section */

/* Begin XCConfigurationList section */
		FFD06DC42D1C6AB3004AD236 /* Build configuration list for PBXProject "CyrptoSUI" */ = {
			isa = XCConfigurationList;
			buildConfigurations = (
				FFD06DEB2D1C6AB4004AD236 /* Debug */,
				FFD06DEC2D1C6AB4004AD236 /* Release */,
			);
			defaultConfigurationIsVisible = 0;
			defaultConfigurationName = Release;
		};
		FFD06DED2D1C6AB4004AD236 /* Build configuration list for PBXNativeTarget "CyrptoSUI" */ = {
			isa = XCConfigurationList;
			buildConfigurations = (
				FFD06DEE2D1C6AB4004AD236 /* Debug */,
				FFD06DEF2D1C6AB4004AD236 /* Release */,
			);
			defaultConfigurationIsVisible = 0;
			defaultConfigurationName = Release;
		};
		FFD06DF02D1C6AB4004AD236 /* Build configuration list for PBXNativeTarget "CyrptoSUITests" */ = {
			isa = XCConfigurationList;
			buildConfigurations = (
				FFD06DF12D1C6AB4004AD236 /* Debug */,
				FFD06DF22D1C6AB4004AD236 /* Release */,
			);
			defaultConfigurationIsVisible = 0;
			defaultConfigurationName = Release;
		};
		FFD06DF32D1C6AB4004AD236 /* Build configuration list for PBXNativeTarget "CyrptoSUIUITests" */ = {
			isa = XCConfigurationList;
			buildConfigurations = (
				FFD06DF42D1C6AB4004AD236 /* Debug */,
				FFD06DF52D1C6AB4004AD236 /* Release */,
			);
			defaultConfigurationIsVisible = 0;
			defaultConfigurationName = Release;
		};
/* End XCConfigurationList section */
	};
	rootObject = FFD06DC12D1C6AB3004AD236 /* Project object */;
}
